
Microsoft Visual Studio Solution File, Format Version 12.00
# Visual Studio Version 16
VisualStudioVersion = 16.0.31105.61
MinimumVisualStudioVersion = 10.0.40219.1
Project("{9A19103F-16F7-4668-BE54-9A1E7A4F7556}") = "ShoppingCartTestLeanOn", "ShoppingCartTestLeanOn\ShoppingCartTestLeanOn.csproj", "{D2001BF2-5A6A-4D56-B403-B734B32613C4}"
EndProject
Project("{FAE04EC0-301F-11D3-BF4B-00C04F79EFBC}") = "UnitTests", "UnitTests\UnitTests.csproj", "{16299F76-1E60-46BA-A5C8-3F67C6F4050F}"
EndProject
Global
	GlobalSection(SolutionConfigurationPlatforms) = preSolution
		Debug|Any CPU = Debug|Any CPU
		Release|Any CPU = Release|Any CPU
	EndGlobalSection
	GlobalSection(ProjectConfigurationPlatforms) = postSolution
		{D2001BF2-5A6A-4D56-B403-B734B32613C4}.Debug|Any CPU.ActiveCfg = Debug|Any CPU
		{D2001BF2-5A6A-4D56-B403-B734B32613C4}.Debug|Any CPU.Build.0 = Debug|Any CPU
		{D2001BF2-5A6A-4D56-B403-B734B32613C4}.Release|Any CPU.ActiveCfg = Release|Any CPU
		{D2001BF2-5A6A-4D56-B403-B734B32613C4}.Release|Any CPU.Build.0 = Release|Any CPU
		{16299F76-1E60-46BA-A5C8-3F67C6F4050F}.Debug|Any CPU.ActiveCfg = Debug|Any CPU
		{16299F76-1E60-46BA-A5C8-3F67C6F4050F}.Debug|Any CPU.Build.0 = Debug|Any CPU
		{16299F76-1E60-46BA-A5C8-3F67C6F4050F}.Release|Any CPU.ActiveCfg = Release|Any CPU
		{16299F76-1E60-46BA-A5C8-3F67C6F4050F}.Release|Any CPU.Build.0 = Release|Any CPU
	EndGlobalSection
	GlobalSection(SolutionProperties) = preSolution
		HideSolutionNode = FALSE
	EndGlobalSection
	GlobalSection(ExtensibilityGlobals) = postSolution
		SolutionGuid = {08F37FDC-A0C4-4265-8D16-BBE4731D785E}
	EndGlobalSection
EndGlobal
